Microsoft Visual Studio Solution File, Format Version 12.00
# Visual Studio Version 17
VisualStudioVersion = 17.4.33213.308
MinimumVisualStudioVersion = 10.0.40219.1
Project("{FAE04EC0-301F-11D3-BF4B-00C04F79EFBC}") = "HACustomAware", "HACustomAware\HACustomAware.csproj", "{9BC6D61A-5D4B-4D57-BC6B-5E3F9D04377E}"
EndProject
Project("{E24C65DC-7377-472B-9ABA-BC803B73C61A}") = "Acu22R2", "http://localhost/Acu22R2", "{50BC1D1A-63D0-441A-BB7C-D8D8B20C8497}"
	ProjectSection(WebsiteProperties) = preProject
		UseIISExpress = "false"
		TargetFrameworkMoniker = ".NETFramework,Version%3Dv4.8"
		ProjectReferences = "{9bc6d61a-5d4b-4d57-bc6b-5e3f9d04377e}|Acumatica.Hackathon.2023-Epsilon.HACustomAware.dll;"
		Debug.AspNetCompiler.VirtualPath = "/Acu21R2"
		Debug.AspNetCompiler.PhysicalPath = "D:\AcuSites\Acu21R2\"
		Debug.AspNetCompiler.TargetPath = "PrecompiledWeb\Acu21R2\"
		Debug.AspNetCompiler.Updateable = "true"
		Debug.AspNetCompiler.ForceOverwrite = "true"
		Debug.AspNetCompiler.FixedNames = "false"
		Debug.AspNetCompiler.Debug = "True"
		Release.AspNetCompiler.VirtualPath = "/Acu21R2"
		Release.AspNetCompiler.PhysicalPath = "D:\AcuSites\Acu21R2\"
		Release.AspNetCompiler.TargetPath = "PrecompiledWeb\Acu21R2\"
		Release.AspNetCompiler.Updateable = "true"
		Release.AspNetCompiler.ForceOverwrite = "true"
		Release.AspNetCompiler.FixedNames = "false"
		Release.AspNetCompiler.Debug = "False"
		SlnRelativePath = "D:\AcuSites\Acu21R2\"
	EndProjectSection
EndProject
Global
	GlobalSection(SolutionConfigurationPlatforms) = preSolution
		Debug|Any CPU = Debug|Any CPU
	EndGlobalSection
	GlobalSection(ProjectConfigurationPlatforms) = postSolution
		{9BC6D61A-5D4B-4D57-BC6B-5E3F9D04377E}.Debug|Any CPU.ActiveCfg = Debug|Any CPU
		{9BC6D61A-5D4B-4D57-BC6B-5E3F9D04377E}.Debug|Any CPU.Build.0 = Debug|Any CPU
		{50BC1D1A-63D0-441A-BB7C-D8D8B20C8497}.Debug|Any CPU.ActiveCfg = Debug|Any CPU
		{50BC1D1A-63D0-441A-BB7C-D8D8B20C8497}.Debug|Any CPU.Build.0 = Debug|Any CPU
	EndGlobalSection
	GlobalSection(SolutionProperties) = preSolution
		HideSolutionNode = FALSE
	EndGlobalSection
	GlobalSection(ExtensibilityGlobals) = postSolution
		SolutionGuid = {8EA5CDB0-5782-4A23-8CEF-43085CF9E5C9}
	EndGlobalSection
EndGlobal
